
Microsoft Visual Studio Solution File, Format Version 12.00
# Visual Studio Version 17
VisualStudioVersion = 17.0.31903.59
MinimumVisualStudioVersion = 10.0.40219.1
Project("{FAE04EC0-301F-11D3-BF4B-00C04F79EFBC}") = "FluentSignals", "FluentSignals\FluentSignals.csproj", "{A2697AE5-F2A3-9D90-C816-73AB3EAC21FD}"
EndProject
Project("{FAE04EC0-301F-11D3-BF4B-00C04F79EFBC}") = "FluentSignals.Blazor", "FluentSignals.Blazor\FluentSignals.Blazor.csproj", "{C332B427-828A-7AE5-B348-7FB415C3DB6E}"
EndProject
Project("{FAE04EC0-301F-11D3-BF4B-00C04F79EFBC}") = "FluentSignals.Tests", "FluentSignals.Tests\FluentSignals.Tests.csproj", "{3BBEA760-6C09-3F56-2AB5-C4FA2F6AB85A}"
EndProject
Project("{FAE04EC0-301F-11D3-BF4B-00C04F79EFBC}") = "FluentSignals.Web.Client", "FluentSignals.Web\FluentSignals.Web.Client\FluentSignals.Web.Client.csproj", "{423632FD-A0C6-70FC-713E-41702724AB73}"
EndProject
Project("{2150E333-8FDC-42A3-9474-1A3956D46DE8}") = "Web", "Web", "{02EA681E-C7D8-13C7-8484-4AC65E1B71E8}"
EndProject
Project("{2150E333-8FDC-42A3-9474-1A3956D46DE8}") = "Core", "Core", "{DDB413F3-468D-4531-8C18-6BD1D59C01E6}"
EndProject
Project("{FAE04EC0-301F-11D3-BF4B-00C04F79EFBC}") = "FluentSignals.Web.Server", "FluentSignals.Web\FluentSignals.Web.Server\FluentSignals.Web.Server.csproj", "{8A5F8A00-332B-4265-E22E-A2638B857152}"
EndProject
Project("{2150E333-8FDC-42A3-9474-1A3956D46DE8}") = "Libs", "Libs", "{BF2A5651-1225-4B30-A81F-310C7FD73A84}"
EndProject
Project("{FAE04EC0-301F-11D3-BF4B-00C04F79EFBC}") = "FluentSignals.Web.Shared", "FluentSignals.Web\FluentSignals.Web.Shared\FluentSignals.Web.Shared.csproj", "{57A8028F-8FED-7B5E-58B4-484E30A344D3}"
EndProject
Project("{FAE04EC0-301F-11D3-BF4B-00C04F79EFBC}") = "FluentSignals.Web.Contracts", "FluentSignals.Web\Libs\FluentSignals.Web.Contracts\FluentSignals.Web.Contracts.csproj", "{175F3551-D890-A4BB-89A6-133C24A58108}"
EndProject
Project("{FAE04EC0-301F-11D3-BF4B-00C04F79EFBC}") = "FluentSignals.Web.DataAccess", "FluentSignals.Web\Libs\FluentSignals.Web.DataAccess\FluentSignals.Web.DataAccess.csproj", "{C5C9724A-F9B6-2FD5-2EF8-F459F3F3FF5F}"
EndProject
Project("{FAE04EC0-301F-11D3-BF4B-00C04F79EFBC}") = "FluentSignals.Web.Database", "FluentSignals.Web\Libs\FluentSignals.Web.Database\FluentSignals.Web.Database.csproj", "{4FB491A1-BAD5-07B0-3037-7E4E5DDBB95D}"
EndProject
Project("{FAE04EC0-301F-11D3-BF4B-00C04F79EFBC}") = "FluentSignals.Http", "Libs\FluentSignals.Http\FluentSignals.Http.csproj", "{C7A060B5-6E7D-4BB2-E720-93F6E45B3B14}"
EndProject
Project("{2150E333-8FDC-42A3-9474-1A3956D46DE8}") = "Libs", "Libs", "{03D51F7F-6D28-4CCF-9174-AB8754D8B9CF}"
EndProject
Project("{FAE04EC0-301F-11D3-BF4B-00C04F79EFBC}") = "FluentSignals.SignalR", "Libs\FluentSignals.SignalR\FluentSignals.SignalR.csproj", "{2F1612BC-C38D-C4B2-6139-F449D9EF370C}"
EndProject
Project("{FAE04EC0-301F-11D3-BF4B-00C04F79EFBC}") = "FluentSignals.SignalBus", "Libs\FluentSignals.SignalBus\FluentSignals.SignalBus.csproj", "{09B765D9-2EF3-1255-EBEB-0DAF0B85FC52}"
EndProject
Project("{FAE04EC0-301F-11D3-BF4B-00C04F79EFBC}") = "FluentSignals.Http.Tests", "Libs\FluentSignals.Http.Tests\FluentSignals.Http.Tests.csproj", "{29141F75-E01C-1628-4930-24EB2CCCE312}"
EndProject
Project("{FAE04EC0-301F-11D3-BF4B-00C04F79EFBC}") = "Playground.Console", ".Playground\Playground.Console\Playground.Console.csproj", "{056166EC-E617-67A9-39CD-CE46027EC946}"
EndProject
Global
	GlobalSection(SolutionConfigurationPlatforms) = preSolution
		Debug|Any CPU = Debug|Any CPU
		Release|Any CPU = Release|Any CPU
	EndGlobalSection
	GlobalSection(ProjectConfigurationPlatforms) = postSolution
		{A2697AE5-F2A3-9D90-C816-73AB3EAC21FD}.Debug|Any CPU.ActiveCfg = Debug|Any CPU
		{A2697AE5-F2A3-9D90-C816-73AB3EAC21FD}.Debug|Any CPU.Build.0 = Debug|Any CPU
		{A2697AE5-F2A3-9D90-C816-73AB3EAC21FD}.Release|Any CPU.ActiveCfg = Release|Any CPU
		{A2697AE5-F2A3-9D90-C816-73AB3EAC21FD}.Release|Any CPU.Build.0 = Release|Any CPU
		{C332B427-828A-7AE5-B348-7FB415C3DB6E}.Debug|Any CPU.ActiveCfg = Debug|Any CPU
		{C332B427-828A-7AE5-B348-7FB415C3DB6E}.Debug|Any CPU.Build.0 = Debug|Any CPU
		{C332B427-828A-7AE5-B348-7FB415C3DB6E}.Release|Any CPU.ActiveCfg = Release|Any CPU
		{C332B427-828A-7AE5-B348-7FB415C3DB6E}.Release|Any CPU.Build.0 = Release|Any CPU
		{3BBEA760-6C09-3F56-2AB5-C4FA2F6AB85A}.Debug|Any CPU.ActiveCfg = Debug|Any CPU
		{3BBEA760-6C09-3F56-2AB5-C4FA2F6AB85A}.Debug|Any CPU.Build.0 = Debug|Any CPU
		{3BBEA760-6C09-3F56-2AB5-C4FA2F6AB85A}.Release|Any CPU.ActiveCfg = Release|Any CPU
		{3BBEA760-6C09-3F56-2AB5-C4FA2F6AB85A}.Release|Any CPU.Build.0 = Release|Any CPU
		{423632FD-A0C6-70FC-713E-41702724AB73}.Debug|Any CPU.ActiveCfg = Debug|Any CPU
		{423632FD-A0C6-70FC-713E-41702724AB73}.Debug|Any CPU.Build.0 = Debug|Any CPU
		{423632FD-A0C6-70FC-713E-41702724AB73}.Release|Any CPU.ActiveCfg = Release|Any CPU
		{423632FD-A0C6-70FC-713E-41702724AB73}.Release|Any CPU.Build.0 = Release|Any CPU
		{8A5F8A00-332B-4265-E22E-A2638B857152}.Debug|Any CPU.ActiveCfg = Debug|Any CPU
		{8A5F8A00-332B-4265-E22E-A2638B857152}.Debug|Any CPU.Build.0 = Debug|Any CPU
		{8A5F8A00-332B-4265-E22E-A2638B857152}.Release|Any CPU.ActiveCfg = Release|Any CPU
		{8A5F8A00-332B-4265-E22E-A2638B857152}.Release|Any CPU.Build.0 = Release|Any CPU
		{57A8028F-8FED-7B5E-58B4-484E30A344D3}.Debug|Any CPU.ActiveCfg = Debug|Any CPU
		{57A8028F-8FED-7B5E-58B4-484E30A344D3}.Debug|Any CPU.Build.0 = Debug|Any CPU
		{57A8028F-8FED-7B5E-58B4-484E30A344D3}.Release|Any CPU.ActiveCfg = Release|Any CPU
		{57A8028F-8FED-7B5E-58B4-484E30A344D3}.Release|Any CPU.Build.0 = Release|Any CPU
		{175F3551-D890-A4BB-89A6-133C24A58108}.Debug|Any CPU.ActiveCfg = Debug|Any CPU
		{175F3551-D890-A4BB-89A6-133C24A58108}.Debug|Any CPU.Build.0 = Debug|Any CPU
		{175F3551-D890-A4BB-89A6-133C24A58108}.Release|Any CPU.ActiveCfg = Release|Any CPU
		{175F3551-D890-A4BB-89A6-133C24A58108}.Release|Any CPU.Build.0 = Release|Any CPU
		{C5C9724A-F9B6-2FD5-2EF8-F459F3F3FF5F}.Debug|Any CPU.ActiveCfg = Debug|Any CPU
		{C5C9724A-F9B6-2FD5-2EF8-F459F3F3FF5F}.Debug|Any CPU.Build.0 = Debug|Any CPU
		{C5C9724A-F9B6-2FD5-2EF8-F459F3F3FF5F}.Release|Any CPU.ActiveCfg = Release|Any CPU
		{C5C9724A-F9B6-2FD5-2EF8-F459F3F3FF5F}.Release|Any CPU.Build.0 = Release|Any CPU
		{4FB491A1-BAD5-07B0-3037-7E4E5DDBB95D}.Debug|Any CPU.ActiveCfg = Debug|Any CPU
		{4FB491A1-BAD5-07B0-3037-7E4E5DDBB95D}.Debug|Any CPU.Build.0 = Debug|Any CPU
		{4FB491A1-BAD5-07B0-3037-7E4E5DDBB95D}.Release|Any CPU.ActiveCfg = Release|Any CPU
		{4FB491A1-BAD5-07B0-3037-7E4E5DDBB95D}.Release|Any CPU.Build.0 = Release|Any CPU
		{C7A060B5-6E7D-4BB2-E720-93F6E45B3B14}.Debug|Any CPU.ActiveCfg = Debug|Any CPU
		{C7A060B5-6E7D-4BB2-E720-93F6E45B3B14}.Debug|Any CPU.Build.0 = Debug|Any CPU
		{C7A060B5-6E7D-4BB2-E720-93F6E45B3B14}.Release|Any CPU.ActiveCfg = Release|Any CPU
		{C7A060B5-6E7D-4BB2-E720-93F6E45B3B14}.Release|Any CPU.Build.0 = Release|Any CPU
		{2F1612BC-C38D-C4B2-6139-F449D9EF370C}.Debug|Any CPU.ActiveCfg = Debug|Any CPU
		{2F1612BC-C38D-C4B2-6139-F449D9EF370C}.Debug|Any CPU.Build.0 = Debug|Any CPU
		{2F1612BC-C38D-C4B2-6139-F449D9EF370C}.Release|Any CPU.ActiveCfg = Release|Any CPU
		{2F1612BC-C38D-C4B2-6139-F449D9EF370C}.Release|Any CPU.Build.0 = Release|Any CPU
		{09B765D9-2EF3-1255-EBEB-0DAF0B85FC52}.Debug|Any CPU.ActiveCfg = Debug|Any CPU
		{09B765D9-2EF3-1255-EBEB-0DAF0B85FC52}.Debug|Any CPU.Build.0 = Debug|Any CPU
		{09B765D9-2EF3-1255-EBEB-0DAF0B85FC52}.Release|Any CPU.ActiveCfg = Release|Any CPU
		{09B765D9-2EF3-1255-EBEB-0DAF0B85FC52}.Release|Any CPU.Build.0 = Release|Any CPU
		{29141F75-E01C-1628-4930-24EB2CCCE312}.Debug|Any CPU.ActiveCfg = Debug|Any CPU
		{29141F75-E01C-1628-4930-24EB2CCCE312}.Debug|Any CPU.Build.0 = Debug|Any CPU
		{29141F75-E01C-1628-4930-24EB2CCCE312}.Release|Any CPU.ActiveCfg = Release|Any CPU
		{29141F75-E01C-1628-4930-24EB2CCCE312}.Release|Any CPU.Build.0 = Release|Any CPU
		{056166EC-E617-67A9-39CD-CE46027EC946}.Debug|Any CPU.ActiveCfg = Debug|Any CPU
		{056166EC-E617-67A9-39CD-CE46027EC946}.Debug|Any CPU.Build.0 = Debug|Any CPU
		{056166EC-E617-67A9-39CD-CE46027EC946}.Release|Any CPU.ActiveCfg = Release|Any CPU
		{056166EC-E617-67A9-39CD-CE46027EC946}.Release|Any CPU.Build.0 = Release|Any CPU
	EndGlobalSection
	GlobalSection(SolutionProperties) = preSolution
		HideSolutionNode = FALSE
	EndGlobalSection
	GlobalSection(NestedProjects) = preSolution
		{A2697AE5-F2A3-9D90-C816-73AB3EAC21FD} = {DDB413F3-468D-4531-8C18-6BD1D59C01E6}
		{C332B427-828A-7AE5-B348-7FB415C3DB6E} = {DDB413F3-468D-4531-8C18-6BD1D59C01E6}
		{3BBEA760-6C09-3F56-2AB5-C4FA2F6AB85A} = {DDB413F3-468D-4531-8C18-6BD1D59C01E6}
		{423632FD-A0C6-70FC-713E-41702724AB73} = {02EA681E-C7D8-13C7-8484-4AC65E1B71E8}
		{8A5F8A00-332B-4265-E22E-A2638B857152} = {02EA681E-C7D8-13C7-8484-4AC65E1B71E8}
		{BF2A5651-1225-4B30-A81F-310C7FD73A84} = {02EA681E-C7D8-13C7-8484-4AC65E1B71E8}
		{57A8028F-8FED-7B5E-58B4-484E30A344D3} = {02EA681E-C7D8-13C7-8484-4AC65E1B71E8}
		{175F3551-D890-A4BB-89A6-133C24A58108} = {BF2A5651-1225-4B30-A81F-310C7FD73A84}
		{C5C9724A-F9B6-2FD5-2EF8-F459F3F3FF5F} = {BF2A5651-1225-4B30-A81F-310C7FD73A84}
		{4FB491A1-BAD5-07B0-3037-7E4E5DDBB95D} = {BF2A5651-1225-4B30-A81F-310C7FD73A84}
		{C7A060B5-6E7D-4BB2-E720-93F6E45B3B14} = {03D51F7F-6D28-4CCF-9174-AB8754D8B9CF}
		{2F1612BC-C38D-C4B2-6139-F449D9EF370C} = {03D51F7F-6D28-4CCF-9174-AB8754D8B9CF}
		{09B765D9-2EF3-1255-EBEB-0DAF0B85FC52} = {03D51F7F-6D28-4CCF-9174-AB8754D8B9CF}
		{29141F75-E01C-1628-4930-24EB2CCCE312} = {03D51F7F-6D28-4CCF-9174-AB8754D8B9CF}
	EndGlobalSection
	GlobalSection(ExtensibilityGlobals) = postSolution
		SolutionGuid = {71D0D3F3-8941-434E-B482-04D53146BF24}
	EndGlobalSection
EndGlobal
