
Microsoft Visual Studio Solution File, Format Version 12.00
# Visual Studio Version 17
VisualStudioVersion = 17.14.36121.58
MinimumVisualStudioVersion = 10.0.40219.1
Project("{FAE04EC0-301F-11D3-BF4B-00C04F79EFBC}") = "FluentSignals.ServerTest", "FluentSignals.ServerTest\FluentSignals.ServerTest.csproj", "{C56B1018-5346-E6A2-9628-82E28FAF0248}"
EndProject
Project("{FAE04EC0-301F-11D3-BF4B-00C04F79EFBC}") = "FluentSignals", "FluentSignals\FluentSignals.csproj", "{A2697AE5-F2A3-9D90-C816-73AB3EAC21FD}"
EndProject
Project("{FAE04EC0-301F-11D3-BF4B-00C04F79EFBC}") = "FluentSignals.Blazor", "FluentSignals.Blazor\FluentSignals.Blazor.csproj", "{C332B427-828A-7AE5-B348-7FB415C3DB6E}"
EndProject
Global
	GlobalSection(SolutionConfigurationPlatforms) = preSolution
		Debug|Any CPU = Debug|Any CPU
		Release|Any CPU = Release|Any CPU
	EndGlobalSection
	GlobalSection(ProjectConfigurationPlatforms) = postSolution
		{C56B1018-5346-E6A2-9628-82E28FAF0248}.Debug|Any CPU.ActiveCfg = Debug|Any CPU
		{C56B1018-5346-E6A2-9628-82E28FAF0248}.Debug|Any CPU.Build.0 = Debug|Any CPU
		{C56B1018-5346-E6A2-9628-82E28FAF0248}.Release|Any CPU.ActiveCfg = Release|Any CPU
		{C56B1018-5346-E6A2-9628-82E28FAF0248}.Release|Any CPU.Build.0 = Release|Any CPU
		{A2697AE5-F2A3-9D90-C816-73AB3EAC21FD}.Debug|Any CPU.ActiveCfg = Debug|Any CPU
		{A2697AE5-F2A3-9D90-C816-73AB3EAC21FD}.Debug|Any CPU.Build.0 = Debug|Any CPU
		{A2697AE5-F2A3-9D90-C816-73AB3EAC21FD}.Release|Any CPU.ActiveCfg = Release|Any CPU
		{A2697AE5-F2A3-9D90-C816-73AB3EAC21FD}.Release|Any CPU.Build.0 = Release|Any CPU
		{C332B427-828A-7AE5-B348-7FB415C3DB6E}.Debug|Any CPU.ActiveCfg = Debug|Any CPU
		{C332B427-828A-7AE5-B348-7FB415C3DB6E}.Debug|Any CPU.Build.0 = Debug|Any CPU
		{C332B427-828A-7AE5-B348-7FB415C3DB6E}.Release|Any CPU.ActiveCfg = Release|Any CPU
		{C332B427-828A-7AE5-B348-7FB415C3DB6E}.Release|Any CPU.Build.0 = Release|Any CPU
	EndGlobalSection
	GlobalSection(SolutionProperties) = preSolution
		HideSolutionNode = FALSE
	EndGlobalSection
	GlobalSection(ExtensibilityGlobals) = postSolution
		SolutionGuid = {BB7A51FB-2408-457F-B097-737930BD8C05}
	EndGlobalSection
EndGlobal
